// !$*UTF8*$!
{
	archiveVersion = 1;
	classes = {
	};
	objectVersion = 46;
	objects = {

/* Begin PBXBuildFile section */
		2CC5AF822D38739790624D04 /* Pods_TopItunes.framework in Frameworks */ = {isa = PBXBuildFile; fileRef = 5546DD5B203F2B15B64EE1A4 /* Pods_TopItunes.framework */; };
		BFBC41BF1E3C486A00CF3C49 /* Song.swift in Sources */ = {isa = PBXBuildFile; fileRef = BFBC41BE1E3C486A00CF3C49 /* Song.swift */; };
		BFBC41C21E3C57BA00CF3C49 /* test.m in Sources */ = {isa = PBXBuildFile; fileRef = BFBC41C11E3C57BA00CF3C49 /* test.m */; };
		BFBCCD381E3B8BD6002F6BB5 /* AppDelegate.swift in Sources */ = {isa = PBXBuildFile; fileRef = BFBCCD371E3B8BD6002F6BB5 /* AppDelegate.swift */; };
		BFBCCD3A1E3B8BD6002F6BB5 /* ViewController.swift in Sources */ = {isa = PBXBuildFile; fileRef = BFBCCD391E3B8BD6002F6BB5 /* ViewController.swift */; };
		BFBCCD3D1E3B8BD6002F6BB5 /* Main.storyboard in Resources */ = {isa = PBXBuildFile; fileRef = BFBCCD3B1E3B8BD6002F6BB5 /* Main.storyboard */; };
		BFBCCD3F1E3B8BD6002F6BB5 /* Assets.xcassets in Resources */ = {isa = PBXBuildFile; fileRef = BFBCCD3E1E3B8BD6002F6BB5 /* Assets.xcassets */; };
		BFBCCD421E3B8BD6002F6BB5 /* LaunchScreen.storyboard in Resources */ = {isa = PBXBuildFile; fileRef = BFBCCD401E3B8BD6002F6BB5 /* LaunchScreen.storyboard */; };
		BFBCCD4B1E3B92A1002F6BB5 /* SongCell.swift in Sources */ = {isa = PBXBuildFile; fileRef = BFBCCD491E3B92A0002F6BB5 /* SongCell.swift */; };
		BFBCCD4C1E3B92A1002F6BB5 /* SongCell.xib in Resources */ = {isa = PBXBuildFile; fileRef = BFBCCD4A1E3B92A1002F6BB5 /* SongCell.xib */; };
		BFBCCD571E3B9962002F6BB5 /* DataSource.swift in Sources */ = {isa = PBXBuildFile; fileRef = BFBCCD561E3B9962002F6BB5 /* DataSource.swift */; };
		BFBF92981E3CC289001324A3 /* UIImage.swift in Sources */ = {isa = PBXBuildFile; fileRef = BFBF92951E3CC289001324A3 /* UIImage.swift */; };
		BFBF92991E3CC289001324A3 /* UIImageView.swift in Sources */ = {isa = PBXBuildFile; fileRef = BFBF92961E3CC289001324A3 /* UIImageView.swift */; };
		BFBF929A1E3CC289001324A3 /* UIView.swift in Sources */ = {isa = PBXBuildFile; fileRef = BFBF92971E3CC289001324A3 /* UIView.swift */; };
/* End PBXBuildFile section */

/* Begin PBXFileReference section */
		3C52F20AF176343CE72682CD /* Pods-TopItunes.debug.xcconfig */ = {isa = PBXFileReference; includeInIndex = 1; lastKnownFileType = text.xcconfig; name = "Pods-TopItunes.debug.xcconfig"; path = "Pods/Target Support Files/Pods-TopItunes/Pods-TopItunes.debug.xcconfig"; sourceTree = "<group>"; };
		5546DD5B203F2B15B64EE1A4 /* Pods_TopItunes.framework */ = {isa = PBXFileReference; explicitFileType = wrapper.framework; includeInIndex = 0; path = Pods_TopItunes.framework; sourceTree = BUILT_PRODUCTS_DIR; };
		BFBC41BE1E3C486A00CF3C49 /* Song.swift */ = {isa = PBXFileReference; fileEncoding = 4; lastKnownFileType = sourcecode.swift; path = Song.swift; sourceTree = "<group>"; };
		BFBC41C01E3C57BA00CF3C49 /* TopItunes-Bridging-Header.h */ = {isa = PBXFileReference; lastKnownFileType = sourcecode.c.h; path = "TopItunes-Bridging-Header.h"; sourceTree = "<group>"; };
		BFBC41C11E3C57BA00CF3C49 /* test.m */ = {isa = PBXFileReference; fileEncoding = 4; lastKnownFileType = sourcecode.c.objc; path = test.m; sourceTree = "<group>"; };
		BFBCCD341E3B8BD6002F6BB5 /* TopItunes.app */ = {isa = PBXFileReference; explicitFileType = wrapper.application; includeInIndex = 0; path = TopItunes.app; sourceTree = BUILT_PRODUCTS_DIR; };
		BFBCCD371E3B8BD6002F6BB5 /* AppDelegate.swift */ = {isa = PBXFileReference; lastKnownFileType = sourcecode.swift; path = AppDelegate.swift; sourceTree = "<group>"; };
		BFBCCD391E3B8BD6002F6BB5 /* ViewController.swift */ = {isa = PBXFileReference; lastKnownFileType = sourcecode.swift; path = ViewController.swift; sourceTree = "<group>"; };
		BFBCCD3C1E3B8BD6002F6BB5 /* Base */ = {isa = PBXFileReference; lastKnownFileType = file.storyboard; name = Base; path = Base.lproj/Main.storyboard; sourceTree = "<group>"; };
		BFBCCD3E1E3B8BD6002F6BB5 /* Assets.xcassets */ = {isa = PBXFileReference; lastKnownFileType = folder.assetcatalog; path = Assets.xcassets; sourceTree = "<group>"; };
		BFBCCD411E3B8BD6002F6BB5 /* Base */ = {isa = PBXFileReference; lastKnownFileType = file.storyboard; name = Base; path = Base.lproj/LaunchScreen.storyboard; sourceTree = "<group>"; };
		BFBCCD431E3B8BD6002F6BB5 /* Info.plist */ = {isa = PBXFileReference; lastKnownFileType = text.plist.xml; path = Info.plist; sourceTree = "<group>"; };
		BFBCCD491E3B92A0002F6BB5 /* SongCell.swift */ = {isa = PBXFileReference; fileEncoding = 4; lastKnownFileType = sourcecode.swift; path = SongCell.swift; sourceTree = "<group>"; };
		BFBCCD4A1E3B92A1002F6BB5 /* SongCell.xib */ = {isa = PBXFileReference; fileEncoding = 4; lastKnownFileType = file.xib; path = SongCell.xib; sourceTree = "<group>"; };
		BFBCCD561E3B9962002F6BB5 /* DataSource.swift */ = {isa = PBXFileReference; fileEncoding = 4; lastKnownFileType = sourcecode.swift; path = DataSource.swift; sourceTree = "<group>"; };
		BFBF92951E3CC289001324A3 /* UIImage.swift */ = {isa = PBXFileReference; fileEncoding = 4; lastKnownFileType = sourcecode.swift; path = UIImage.swift; sourceTree = "<group>"; };
		BFBF92961E3CC289001324A3 /* UIImageView.swift */ = {isa = PBXFileReference; fileEncoding = 4; lastKnownFileType = sourcecode.swift; path = UIImageView.swift; sourceTree = "<group>"; };
		BFBF92971E3CC289001324A3 /* UIView.swift */ = {isa = PBXFileReference; fileEncoding = 4; lastKnownFileType = sourcecode.swift; path = UIView.swift; sourceTree = "<group>"; };
		FACC08B3D854F30146DFC00D /* Pods-TopItunes.release.xcconfig */ = {isa = PBXFileReference; includeInIndex = 1; lastKnownFileType = text.xcconfig; name = "Pods-TopItunes.release.xcconfig"; path = "Pods/Target Support Files/Pods-TopItunes/Pods-TopItunes.release.xcconfig"; sourceTree = "<group>"; };
/* End PBXFileReference section */

/* Begin PBXFrameworksBuildPhase section */
		BFBCCD311E3B8BD6002F6BB5 /* Frameworks */ = {
			isa = PBXFrameworksBuildPhase;
			buildActionMask = 2147483647;
			files = (
				2CC5AF822D38739790624D04 /* Pods_TopItunes.framework in Frameworks */,
			);
			runOnlyForDeploymentPostprocessing = 0;
		};
/* End PBXFrameworksBuildPhase section */

/* Begin PBXGroup section */
		29F8EF566E827D59CDBEAE32 /* Frameworks */ = {
			isa = PBXGroup;
			children = (
				5546DD5B203F2B15B64EE1A4 /* Pods_TopItunes.framework */,
			);
			name = Frameworks;
			sourceTree = "<group>";
		};
		40E731DF4440D34F726495BF /* Pods */ = {
			isa = PBXGroup;
			children = (
				3C52F20AF176343CE72682CD /* Pods-TopItunes.debug.xcconfig */,
				FACC08B3D854F30146DFC00D /* Pods-TopItunes.release.xcconfig */,
			);
			name = Pods;
			sourceTree = "<group>";
		};
		BFBC41C31E3CB1E600CF3C49 /* View */ = {
			isa = PBXGroup;
			children = (
				BFBCCD491E3B92A0002F6BB5 /* SongCell.swift */,
				BFBCCD4A1E3B92A1002F6BB5 /* SongCell.xib */,
			);
			name = View;
			sourceTree = "<group>";
		};
		BFBC41C41E3CB1F700CF3C49 /* Entity */ = {
			isa = PBXGroup;
			children = (
				BFBC41BE1E3C486A00CF3C49 /* Song.swift */,
			);
			name = Entity;
			sourceTree = "<group>";
		};
		BFBC41C51E3CB25900CF3C49 /* Supporting Files */ = {
			isa = PBXGroup;
			children = (
				BFBCCD371E3B8BD6002F6BB5 /* AppDelegate.swift */,
				BFBC41C11E3C57BA00CF3C49 /* test.m */,
				BFBC41C01E3C57BA00CF3C49 /* TopItunes-Bridging-Header.h */,
				BFBCCD3E1E3B8BD6002F6BB5 /* Assets.xcassets */,
				BFBCCD401E3B8BD6002F6BB5 /* LaunchScreen.storyboard */,
				BFBCCD431E3B8BD6002F6BB5 /* Info.plist */,
			);
			name = "Supporting Files";
			sourceTree = "<group>";
		};
		BFBCCD2B1E3B8BD6002F6BB5 = {
			isa = PBXGroup;
			children = (
				BFBCCD361E3B8BD6002F6BB5 /* TopItunes */,
				BFBCCD351E3B8BD6002F6BB5 /* Products */,
				40E731DF4440D34F726495BF /* Pods */,
				29F8EF566E827D59CDBEAE32 /* Frameworks */,
			);
			sourceTree = "<group>";
		};
		BFBCCD351E3B8BD6002F6BB5 /* Products */ = {
			isa = PBXGroup;
			children = (
				BFBCCD341E3B8BD6002F6BB5 /* TopItunes.app */,
			);
			name = Products;
			sourceTree = "<group>";
		};
		BFBCCD361E3B8BD6002F6BB5 /* TopItunes */ = {
			isa = PBXGroup;
			children = (
				BFBF92951E3CC289001324A3 /* UIImage.swift */,
				BFBF92961E3CC289001324A3 /* UIImageView.swift */,
				BFBF92971E3CC289001324A3 /* UIView.swift */,
				BFBCCD391E3B8BD6002F6BB5 /* ViewController.swift */,
				BFBCCD561E3B9962002F6BB5 /* DataSource.swift */,
				BFBCCD3B1E3B8BD6002F6BB5 /* Main.storyboard */,
				BFBC41C31E3CB1E600CF3C49 /* View */,
				BFBCCD521E3B9652002F6BB5 /* CoreGraphic */,
				BFBC41C41E3CB1F700CF3C49 /* Entity */,
				BFBC41C51E3CB25900CF3C49 /* Supporting Files */,
			);
			path = TopItunes;
			sourceTree = "<group>";
		};
		BFBCCD521E3B9652002F6BB5 /* CoreGraphic */ = {
			isa = PBXGroup;
			children = (
			);
			name = CoreGraphic;
			path = ../../../Backend/firechat/firechat;
			sourceTree = "<group>";
		};
/* End PBXGroup section */

/* Begin PBXNativeTarget section */
		BFBCCD331E3B8BD6002F6BB5 /* TopItunes */ = {
			isa = PBXNativeTarget;
			buildConfigurationList = BFBCCD461E3B8BD6002F6BB5 /* Build configuration list for PBXNativeTarget "TopItunes" */;
			buildPhases = (
				C0D50DF72B53A3777B7A3DCF /* [CP] Check Pods Manifest.lock */,
				BFBCCD301E3B8BD6002F6BB5 /* Sources */,
				BFBCCD311E3B8BD6002F6BB5 /* Frameworks */,
				BFBCCD321E3B8BD6002F6BB5 /* Resources */,
				F0B6B9FF4336ADCDC709AEC0 /* [CP] Embed Pods Frameworks */,
				6E8B2648BBE0856EC84E19D5 /* [CP] Copy Pods Resources */,
			);
			buildRules = (
			);
			dependencies = (
			);
			name = TopItunes;
			productName = TopItunes;
			productReference = BFBCCD341E3B8BD6002F6BB5 /* TopItunes.app */;
			productType = "com.apple.product-type.application";
		};
/* End PBXNativeTarget section */

/* Begin PBXProject section */
		BFBCCD2C1E3B8BD6002F6BB5 /* Project object */ = {
			isa = PBXProject;
			attributes = {
				LastSwiftUpdateCheck = 0820;
				LastUpgradeCheck = 0820;
				ORGANIZATIONNAME = "Jimmy Hoang";
				TargetAttributes = {
					BFBCCD331E3B8BD6002F6BB5 = {
						CreatedOnToolsVersion = 8.2.1;
						DevelopmentTeam = GDY7XCAX4D;
						LastSwiftMigration = 0820;
						ProvisioningStyle = Automatic;
					};
				};
			};
			buildConfigurationList = BFBCCD2F1E3B8BD6002F6BB5 /* Build configuration list for PBXProject "TopItunes" */;
			compatibilityVersion = "Xcode 3.2";
			developmentRegion = English;
			hasScannedForEncodings = 0;
			knownRegions = (
				en,
				Base,
			);
			mainGroup = BFBCCD2B1E3B8BD6002F6BB5;
			productRefGroup = BFBCCD351E3B8BD6002F6BB5 /* Products */;
			projectDirPath = "";
			projectRoot = "";
			targets = (
				BFBCCD331E3B8BD6002F6BB5 /* TopItunes */,
			);
		};
/* End PBXProject section */

/* Begin PBXResourcesBuildPhase section */
		BFBCCD321E3B8BD6002F6BB5 /* Resources */ = {
			isa = PBXResourcesBuildPhase;
			buildActionMask = 2147483647;
			files = (
				BFBCCD4C1E3B92A1002F6BB5 /* SongCell.xib in Resources */,
				BFBCCD421E3B8BD6002F6BB5 /* LaunchScreen.storyboard in Resources */,
				BFBCCD3F1E3B8BD6002F6BB5 /* Assets.xcassets in Resources */,
				BFBCCD3D1E3B8BD6002F6BB5 /* Main.storyboard in Resources */,
			);
			runOnlyForDeploymentPostprocessing = 0;
		};
/* End PBXResourcesBuildPhase section */

/* Begin PBXShellScriptBuildPhase section */
		6E8B2648BBE0856EC84E19D5 /* [CP] Copy Pods Resources */ = {
			isa = PBXShellScriptBuildPhase;
			buildActionMask = 2147483647;
			files = (
			);
			inputPaths = (
			);
			name = "[CP] Copy Pods Resources";
			outputPaths = (
			);
			runOnlyForDeploymentPostprocessing = 0;
			shellPath = /bin/sh;
			shellScript = "\"${SRCROOT}/Pods/Target Support Files/Pods-TopItunes/Pods-TopItunes-resources.sh\"\n";
			showEnvVarsInLog = 0;
		};
		C0D50DF72B53A3777B7A3DCF /* [CP] Check Pods Manifest.lock */ = {
			isa = PBXShellScriptBuildPhase;
			buildActionMask = 2147483647;
			files = (
			);
			inputPaths = (
			);
			name = "[CP] Check Pods Manifest.lock";
			outputPaths = (
			);
			runOnlyForDeploymentPostprocessing = 0;
			shellPath = /bin/sh;
			shellScript = "diff \"${PODS_ROOT}/../Podfile.lock\" \"${PODS_ROOT}/Manifest.lock\" > /dev/null\nif [ $? != 0 ] ; then\n    # print error to STDERR\n    echo \"error: The sandbox is not in sync with the Podfile.lock. Run 'pod install' or update your CocoaPods installation.\" >&2\n    exit 1\nfi\n";
			showEnvVarsInLog = 0;
		};
		F0B6B9FF4336ADCDC709AEC0 /* [CP] Embed Pods Frameworks */ = {
			isa = PBXShellScriptBuildPhase;
			buildActionMask = 2147483647;
			files = (
			);
			inputPaths = (
			);
			name = "[CP] Embed Pods Frameworks";
			outputPaths = (
			);
			runOnlyForDeploymentPostprocessing = 0;
			shellPath = /bin/sh;
			shellScript = "\"${SRCROOT}/Pods/Target Support Files/Pods-TopItunes/Pods-TopItunes-frameworks.sh\"\n";
			showEnvVarsInLog = 0;
		};
/* End PBXShellScriptBuildPhase section */

/* Begin PBXSourcesBuildPhase section */
		BFBCCD301E3B8BD6002F6BB5 /* Sources */ = {
			isa = PBXSourcesBuildPhase;
			buildActionMask = 2147483647;
			files = (
				BFBF92991E3CC289001324A3 /* UIImageView.swift in Sources */,
				BFBC41BF1E3C486A00CF3C49 /* Song.swift in Sources */,
				BFBCCD3A1E3B8BD6002F6BB5 /* ViewController.swift in Sources */,
				BFBC41C21E3C57BA00CF3C49 /* test.m in Sources */,
				BFBCCD4B1E3B92A1002F6BB5 /* SongCell.swift in Sources */,
				BFBCCD571E3B9962002F6BB5 /* DataSource.swift in Sources */,
				BFBCCD381E3B8BD6002F6BB5 /* AppDelegate.swift in Sources */,
				BFBF929A1E3CC289001324A3 /* UIView.swift in Sources */,
				BFBF92981E3CC289001324A3 /* UIImage.swift in Sources */,
			);
			runOnlyForDeploymentPostprocessing = 0;
		};
/* End PBXSourcesBuildPhase section */

/* Begin PBXVariantGroup section */
		BFBCCD3B1E3B8BD6002F6BB5 /* Main.storyboard */ = {
			isa = PBXVariantGroup;
			children = (
				BFBCCD3C1E3B8BD6002F6BB5 /* Base */,
			);
			name = Main.storyboard;
			sourceTree = "<group>";
		};
		BFBCCD401E3B8BD6002F6BB5 /* LaunchScreen.storyboard */ = {
			isa = PBXVariantGroup;
			children = (
				BFBCCD411E3B8BD6002F6BB5 /* Base */,
			);
			name = LaunchScreen.storyboard;
			sourceTree = "<group>";
		};
/* End PBXVariantGroup section */

/* Begin XCBuildConfiguration section */
		BFBCCD441E3B8BD6002F6BB5 /* Debug */ = {
			isa = XCBuildConfiguration;
			buildSettings = {
				ALWAYS_SEARCH_USER_PATHS = NO;
				CLANG_ANALYZER_NONNULL = YES;
				CLANG_CXX_LANGUAGE_STANDARD = "gnu++0x";
				CLANG_CXX_LIBRARY = "libc++";
				CLANG_ENABLE_MODULES = YES;
				CLANG_ENABLE_OBJC_ARC = YES;
				CLANG_WARN_BOOL_CONVERSION = YES;
				CLANG_WARN_CONSTANT_CONVERSION = YES;
				CLANG_WARN_DIRECT_OBJC_ISA_USAGE = YES_ERROR;
				CLANG_WARN_DOCUMENTATION_COMMENTS = YES;
				CLANG_WARN_EMPTY_BODY = YES;
				CLANG_WARN_ENUM_CONVERSION = YES;
				CLANG_WARN_INFINITE_RECURSION = YES;
				CLANG_WARN_INT_CONVERSION = YES;
				CLANG_WARN_OBJC_ROOT_CLASS = YES_ERROR;
				CLANG_WARN_SUSPICIOUS_MOVE = YES;
				CLANG_WARN_UNREACHABLE_CODE = YES;
				CLANG_WARN__DUPLICATE_METHOD_MATCH = YES;
				"CODE_SIGN_IDENTITY[sdk=iphoneos*]" = "iPhone Developer";
				COPY_PHASE_STRIP = NO;
				DEBUG_INFORMATION_FORMAT = dwarf;
				ENABLE_STRICT_OBJC_MSGSEND = YES;
				ENABLE_TESTABILITY = YES;
				GCC_C_LANGUAGE_STANDARD = gnu99;
				GCC_DYNAMIC_NO_PIC = NO;
				GCC_NO_COMMON_BLOCKS = YES;
				GCC_OPTIMIZATION_LEVEL = 0;
				GCC_PREPROCESSOR_DEFINITIONS = (
					"DEBUG=1",
					"$(inherited)",
				);
				GCC_WARN_64_TO_32_BIT_CONVERSION = YES;
				GCC_WARN_ABOUT_RETURN_TYPE = YES_ERROR;
				GCC_WARN_UNDECLARED_SELECTOR = YES;
				GCC_WARN_UNINITIALIZED_AUTOS = YES_AGGRESSIVE;
				GCC_WARN_UNUSED_FUNCTION = YES;
				GCC_WARN_UNUSED_VARIABLE = YES;
				IPHONEOS_DEPLOYMENT_TARGET = 10.2;
				MTL_ENABLE_DEBUG_INFO = YES;
				ONLY_ACTIVE_ARCH = YES;
				SDKROOT = iphoneos;
				SWIFT_ACTIVE_COMPILATION_CONDITIONS = DEBUG;
				SWIFT_OPTIMIZATION_LEVEL = "-Onone";
				TARGETED_DEVICE_FAMILY = "1,2";
			};
			name = Debug;
		};
		BFBCCD451E3B8BD6002F6BB5 /* Release */ = {
			isa = XCBuildConfiguration;
			buildSettings = {
				ALWAYS_SEARCH_USER_PATHS = NO;
				CLANG_ANALYZER_NONNULL = YES;
				CLANG_CXX_LANGUAGE_STANDARD = "gnu++0x";
				CLANG_CXX_LIBRARY = "libc++";
				CLANG_ENABLE_MODULES = YES;
				CLANG_ENABLE_OBJC_ARC = YES;
				CLANG_WARN_BOOL_CONVERSION = YES;
				CLANG_WARN_CONSTANT_CONVERSION = YES;
				CLANG_WARN_DIRECT_OBJC_ISA_USAGE = YES_ERROR;
				CLANG_WARN_DOCUMENTATION_COMMENTS = YES;
				CLANG_WARN_EMPTY_BODY = YES;
				CLANG_WARN_ENUM_CONVERSION = YES;
				CLANG_WARN_INFINITE_RECURSION = YES;
				CLANG_WARN_INT_CONVERSION = YES;
				CLANG_WARN_OBJC_ROOT_CLASS = YES_ERROR;
				CLANG_WARN_SUSPICIOUS_MOVE = YES;
				CLANG_WARN_UNREACHABLE_CODE = YES;
				CLANG_WARN__DUPLICATE_METHOD_MATCH = YES;
				"CODE_SIGN_IDENTITY[sdk=iphoneos*]" = "iPhone Developer";
				COPY_PHASE_STRIP = NO;
				DEBUG_INFORMATION_FORMAT = "dwarf-with-dsym";
				ENABLE_NS_ASSERTIONS = NO;
				ENABLE_STRICT_OBJC_MSGSEND = YES;
				GCC_C_LANGUAGE_STANDARD = gnu99;
				GCC_NO_COMMON_BLOCKS = YES;
				GCC_WARN_64_TO_32_BIT_CONVERSION = YES;
				GCC_WARN_ABOUT_RETURN_TYPE = YES_ERROR;
				GCC_WARN_UNDECLARED_SELECTOR = YES;
				GCC_WARN_UNINITIALIZED_AUTOS = YES_AGGRESSIVE;
				GCC_WARN_UNUSED_FUNCTION = YES;
				GCC_WARN_UNUSED_VARIABLE = YES;
				IPHONEOS_DEPLOYMENT_TARGET = 10.2;
				MTL_ENABLE_DEBUG_INFO = NO;
				SDKROOT = iphoneos;
				SWIFT_OPTIMIZATION_LEVEL = "-Owholemodule";
				TARGETED_DEVICE_FAMILY = "1,2";
				VALIDATE_PRODUCT = YES;
			};
			name = Release;
		};
		BFBCCD471E3B8BD6002F6BB5 /* Debug */ = {
			isa = XCBuildConfiguration;
			baseConfigurationReference = 3C52F20AF176343CE72682CD /* Pods-TopItunes.debug.xcconfig */;
			buildSettings = {
				ASSETCATALOG_COMPILER_APPICON_NAME = AppIcon;
				CLANG_ENABLE_MODULES = YES;
				DEVELOPMENT_TEAM = GDY7XCAX4D;
				INFOPLIST_FILE = TopItunes/Info.plist;
				IPHONEOS_DEPLOYMENT_TARGET = 10.1;
				LD_RUNPATH_SEARCH_PATHS = "$(inherited) @executable_path/Frameworks";
				PRODUCT_BUNDLE_IDENTIFIER = jimmy.TopItunes;
				PRODUCT_NAME = "$(TARGET_NAME)";
				SWIFT_OBJC_BRIDGING_HEADER = "TopItunes/TopItunes-Bridging-Header.h";
				SWIFT_OPTIMIZATION_LEVEL = "-Onone";
				SWIFT_VERSION = 3.0;
			};
			name = Debug;
		};
		BFBCCD481E3B8BD6002F6BB5 /* Release */ = {
			isa = XCBuildConfiguration;
			baseConfigurationReference = FACC08B3D854F30146DFC00D /* Pods-TopItunes.release.xcconfig */;
			buildSettings = {
				ASSETCATALOG_COMPILER_APPICON_NAME = AppIcon;
				CLANG_ENABLE_MODULES = YES;
				DEVELOPMENT_TEAM = GDY7XCAX4D;
				INFOPLIST_FILE = TopItunes/Info.plist;
				IPHONEOS_DEPLOYMENT_TARGET = 10.1;
				LD_RUNPATH_SEARCH_PATHS = "$(inherited) @executable_path/Frameworks";
				PRODUCT_BUNDLE_IDENTIFIER = jimmy.TopItunes;
				PRODUCT_NAME = "$(TARGET_NAME)";
				SWIFT_OBJC_BRIDGING_HEADER = "TopItunes/TopItunes-Bridging-Header.h";
				SWIFT_VERSION = 3.0;
			};
			name = Release;
		};
/* End XCBuildConfiguration section */

/* Begin XCConfigurationList section */
		BFBCCD2F1E3B8BD6002F6BB5 /* Build configuration list for PBXProject "TopItunes" */ = {
			isa = XCConfigurationList;
			buildConfigurations = (
				BFBCCD441E3B8BD6002F6BB5 /* Debug */,
				BFBCCD451E3B8BD6002F6BB5 /* Release */,
			);
			defaultConfigurationIsVisible = 0;
			defaultConfigurationName = Release;
		};
		BFBCCD461E3B8BD6002F6BB5 /* Build configuration list for PBXNativeTarget "TopItunes" */ = {
			isa = XCConfigurationList;
			buildConfigurations = (
				BFBCCD471E3B8BD6002F6BB5 /* Debug */,
				BFBCCD481E3B8BD6002F6BB5 /* Release */,
			);
			defaultConfigurationIsVisible = 0;
			defaultConfigurationName = Release;
		};
/* End XCConfigurationList section */
	};
	rootObject = BFBCCD2C1E3B8BD6002F6BB5 /* Project object */;
}
